
Microsoft Visual Studio Solution File, Format Version 12.00
# Visual Studio Version 16
VisualStudioVersion = 16.0.31515.178
MinimumVisualStudioVersion = 10.0.40219.1
Project("{FAE04EC0-301F-11D3-BF4B-00C04F79EFBC}") = "Myapp.Android", "Myapp\Myapp.Android\Myapp.Android.csproj", "{F68B6D18-66F9-4B02-AA86-4C935E969308}"
EndProject
Project("{FAE04EC0-301F-11D3-BF4B-00C04F79EFBC}") = "Myapp.iOS", "Myapp\Myapp.iOS\Myapp.iOS.csproj", "{2A2916D2-46EC-4C4B-9AF0-3E6ADE581C44}"
EndProject
Project("{FAE04EC0-301F-11D3-BF4B-00C04F79EFBC}") = "Myapp", "Myapp\Myapp\Myapp.csproj", "{1AC6E606-7F5B-4706-8150-08583FF6F335}"
EndProject
Global
	GlobalSection(SolutionConfigurationPlatforms) = preSolution
		Debug|Any CPU = Debug|Any CPU
		Debug|iPhone = Debug|iPhone
		Debug|iPhoneSimulator = Debug|iPhoneSimulator
		Release|Any CPU = Release|Any CPU
		Release|iPhone = Release|iPhone
		Release|iPhoneSimulator = Release|iPhoneSimulator
	EndGlobalSection
	GlobalSection(ProjectConfigurationPlatforms) = postSolution
		{F68B6D18-66F9-4B02-AA86-4C935E969308}.Debug|Any CPU.ActiveCfg = Debug|Any CPU
		{F68B6D18-66F9-4B02-AA86-4C935E969308}.Debug|Any CPU.Build.0 = Debug|Any CPU
		{F68B6D18-66F9-4B02-AA86-4C935E969308}.Debug|Any CPU.Deploy.0 = Debug|Any CPU
		{F68B6D18-66F9-4B02-AA86-4C935E969308}.Debug|iPhone.ActiveCfg = Debug|Any CPU
		{F68B6D18-66F9-4B02-AA86-4C935E969308}.Debug|iPhone.Build.0 = Debug|Any CPU
		{F68B6D18-66F9-4B02-AA86-4C935E969308}.Debug|iPhone.Deploy.0 = Debug|Any CPU
		{F68B6D18-66F9-4B02-AA86-4C935E969308}.Debug|iPhoneSimulator.ActiveCfg = Debug|Any CPU
		{F68B6D18-66F9-4B02-AA86-4C935E969308}.Debug|iPhoneSimulator.Build.0 = Debug|Any CPU
		{F68B6D18-66F9-4B02-AA86-4C935E969308}.Debug|iPhoneSimulator.Deploy.0 = Debug|Any CPU
		{F68B6D18-66F9-4B02-AA86-4C935E969308}.Release|Any CPU.ActiveCfg = Release|Any CPU
		{F68B6D18-66F9-4B02-AA86-4C935E969308}.Release|Any CPU.Build.0 = Release|Any CPU
		{F68B6D18-66F9-4B02-AA86-4C935E969308}.Release|Any CPU.Deploy.0 = Release|Any CPU
		{F68B6D18-66F9-4B02-AA86-4C935E969308}.Release|iPhone.ActiveCfg = Release|Any CPU
		{F68B6D18-66F9-4B02-AA86-4C935E969308}.Release|iPhone.Build.0 = Release|Any CPU
		{F68B6D18-66F9-4B02-AA86-4C935E969308}.Release|iPhone.Deploy.0 = Release|Any CPU
		{F68B6D18-66F9-4B02-AA86-4C935E969308}.Release|iPhoneSimulator.ActiveCfg = Release|Any CPU
		{F68B6D18-66F9-4B02-AA86-4C935E969308}.Release|iPhoneSimulator.Build.0 = Release|Any CPU
		{F68B6D18-66F9-4B02-AA86-4C935E969308}.Release|iPhoneSimulator.Deploy.0 = Release|Any CPU
		{2A2916D2-46EC-4C4B-9AF0-3E6ADE581C44}.Debug|Any CPU.ActiveCfg = Debug|iPhone
		{2A2916D2-46EC-4C4B-9AF0-3E6ADE581C44}.Debug|Any CPU.Build.0 = Debug|iPhone
		{2A2916D2-46EC-4C4B-9AF0-3E6ADE581C44}.Debug|Any CPU.Deploy.0 = Debug|iPhone
		{2A2916D2-46EC-4C4B-9AF0-3E6ADE581C44}.Debug|iPhone.ActiveCfg = Debug|iPhone
		{2A2916D2-46EC-4C4B-9AF0-3E6ADE581C44}.Debug|iPhone.Build.0 = Debug|iPhone
		{2A2916D2-46EC-4C4B-9AF0-3E6ADE581C44}.Debug|iPhone.Deploy.0 = Debug|iPhone
		{2A2916D2-46EC-4C4B-9AF0-3E6ADE581C44}.Debug|iPhoneSimulator.ActiveCfg = Debug|iPhoneSimulator
		{2A2916D2-46EC-4C4B-9AF0-3E6ADE581C44}.Debug|iPhoneSimulator.Build.0 = Debug|iPhoneSimulator
		{2A2916D2-46EC-4C4B-9AF0-3E6ADE581C44}.Debug|iPhoneSimulator.Deploy.0 = Debug|iPhoneSimulator
		{2A2916D2-46EC-4C4B-9AF0-3E6ADE581C44}.Release|Any CPU.ActiveCfg = Release|iPhoneSimulator
		{2A2916D2-46EC-4C4B-9AF0-3E6ADE581C44}.Release|Any CPU.Build.0 = Release|iPhoneSimulator
		{2A2916D2-46EC-4C4B-9AF0-3E6ADE581C44}.Release|Any CPU.Deploy.0 = Release|iPhoneSimulator
		{2A2916D2-46EC-4C4B-9AF0-3E6ADE581C44}.Release|iPhone.ActiveCfg = Release|iPhone
		{2A2916D2-46EC-4C4B-9AF0-3E6ADE581C44}.Release|iPhone.Build.0 = Release|iPhone
		{2A2916D2-46EC-4C4B-9AF0-3E6ADE581C44}.Release|iPhone.Deploy.0 = Release|iPhone
		{2A2916D2-46EC-4C4B-9AF0-3E6ADE581C44}.Release|iPhoneSimulator.ActiveCfg = Release|iPhoneSimulator
		{2A2916D2-46EC-4C4B-9AF0-3E6ADE581C44}.Release|iPhoneSimulator.Build.0 = Release|iPhoneSimulator
		{2A2916D2-46EC-4C4B-9AF0-3E6ADE581C44}.Release|iPhoneSimulator.Deploy.0 = Release|iPhoneSimulator
		{1AC6E606-7F5B-4706-8150-08583FF6F335}.Debug|Any CPU.ActiveCfg = Debug|Any CPU
		{1AC6E606-7F5B-4706-8150-08583FF6F335}.Debug|Any CPU.Build.0 = Debug|Any CPU
		{1AC6E606-7F5B-4706-8150-08583FF6F335}.Debug|Any CPU.Deploy.0 = Debug|Any CPU
		{1AC6E606-7F5B-4706-8150-08583FF6F335}.Debug|iPhone.ActiveCfg = Debug|Any CPU
		{1AC6E606-7F5B-4706-8150-08583FF6F335}.Debug|iPhone.Build.0 = Debug|Any CPU
		{1AC6E606-7F5B-4706-8150-08583FF6F335}.Debug|iPhone.Deploy.0 = Debug|Any CPU
		{1AC6E606-7F5B-4706-8150-08583FF6F335}.Debug|iPhoneSimulator.ActiveCfg = Debug|Any CPU
		{1AC6E606-7F5B-4706-8150-08583FF6F335}.Debug|iPhoneSimulator.Build.0 = Debug|Any CPU
		{1AC6E606-7F5B-4706-8150-08583FF6F335}.Debug|iPhoneSimulator.Deploy.0 = Debug|Any CPU
		{1AC6E606-7F5B-4706-8150-08583FF6F335}.Release|Any CPU.ActiveCfg = Release|Any CPU
		{1AC6E606-7F5B-4706-8150-08583FF6F335}.Release|Any CPU.Build.0 = Release|Any CPU
		{1AC6E606-7F5B-4706-8150-08583FF6F335}.Release|Any CPU.Deploy.0 = Release|Any CPU
		{1AC6E606-7F5B-4706-8150-08583FF6F335}.Release|iPhone.ActiveCfg = Release|Any CPU
		{1AC6E606-7F5B-4706-8150-08583FF6F335}.Release|iPhone.Build.0 = Release|Any CPU
		{1AC6E606-7F5B-4706-8150-08583FF6F335}.Release|iPhone.Deploy.0 = Release|Any CPU
		{1AC6E606-7F5B-4706-8150-08583FF6F335}.Release|iPhoneSimulator.ActiveCfg = Release|Any CPU
		{1AC6E606-7F5B-4706-8150-08583FF6F335}.Release|iPhoneSimulator.Build.0 = Release|Any CPU
		{1AC6E606-7F5B-4706-8150-08583FF6F335}.Release|iPhoneSimulator.Deploy.0 = Release|Any CPU
	EndGlobalSection
	GlobalSection(SolutionProperties) = preSolution
		HideSolutionNode = FALSE
	EndGlobalSection
	GlobalSection(ExtensibilityGlobals) = postSolution
		SolutionGuid = {12B65914-103F-470A-A1A0-D1CC8D1E74CC}
	EndGlobalSection
EndGlobal
